
Microsoft Visual Studio Solution File, Format Version 12.00
# Visual Studio Version 17
VisualStudioVersion = 17.4.33213.308
MinimumVisualStudioVersion = 10.0.40219.1
Project("{9A19103F-16F7-4668-BE54-9A1E7A4F7556}") = "FilterExample", "FilterExample\FilterExample.csproj", "{D1B81878-7E4C-4623-8647-7F70231DE127}"
EndProject
Project("{FAE04EC0-301F-11D3-BF4B-00C04F79EFBC}") = "FilterExample.API", "FilterExample.API\FilterExample.API.csproj", "{58676ABA-D44F-488F-95FE-4A5E1FD5F78B}"
EndProject
Global
	GlobalSection(SolutionConfigurationPlatforms) = preSolution
		Debug|Any CPU = Debug|Any CPU
		Release|Any CPU = Release|Any CPU
	EndGlobalSection
	GlobalSection(ProjectConfigurationPlatforms) = postSolution
		{D1B81878-7E4C-4623-8647-7F70231DE127}.Debug|Any CPU.ActiveCfg = Debug|Any CPU
		{D1B81878-7E4C-4623-8647-7F70231DE127}.Debug|Any CPU.Build.0 = Debug|Any CPU
		{D1B81878-7E4C-4623-8647-7F70231DE127}.Release|Any CPU.ActiveCfg = Release|Any CPU
		{D1B81878-7E4C-4623-8647-7F70231DE127}.Release|Any CPU.Build.0 = Release|Any CPU
		{58676ABA-D44F-488F-95FE-4A5E1FD5F78B}.Debug|Any CPU.ActiveCfg = Debug|Any CPU
		{58676ABA-D44F-488F-95FE-4A5E1FD5F78B}.Debug|Any CPU.Build.0 = Debug|Any CPU
		{58676ABA-D44F-488F-95FE-4A5E1FD5F78B}.Release|Any CPU.ActiveCfg = Release|Any CPU
		{58676ABA-D44F-488F-95FE-4A5E1FD5F78B}.Release|Any CPU.Build.0 = Release|Any CPU
	EndGlobalSection
	GlobalSection(SolutionProperties) = preSolution
		HideSolutionNode = FALSE
	EndGlobalSection
	GlobalSection(ExtensibilityGlobals) = postSolution
		SolutionGuid = {98B7696E-CEC7-454F-93DF-B272B539F6C3}
	EndGlobalSection
EndGlobal
